{
  "pins" : [
    {
      "identity" : "compositionallist",
      "kind" : "remoteSourceControl",
      "location" : "https://github.com/jarakys/CompositionalList.git",
      "state" : {
        "branch" : "main",
        "revision" : "2c5c5bcf809f3ae1c7be1d98e27bf635f696d8ee"
      }
    }
  ],
  "version" : 2
}
