// !$*UTF8*$!
{
	archiveVersion = 1;
	classes = {
	};
	objectVersion = 56;
	objects = {

/* Begin PBXBuildFile section */
		111164082B30518200F01C5E /* QRCodeApp.swift in Sources */ = {isa = PBXBuildFile; fileRef = 111164072B30518200F01C5E /* QRCodeApp.swift */; };
		1111640A2B30518200F01C5E /* ContentView.swift in Sources */ = {isa = PBXBuildFile; fileRef = 111164092B30518200F01C5E /* ContentView.swift */; };
		1111640E2B30518300F01C5E /* Assets.xcassets in Resources */ = {isa = PBXBuildFile; fileRef = 1111640D2B30518300F01C5E /* Assets.xcassets */; };
		111164112B30518300F01C5E /* Preview Assets.xcassets in Resources */ = {isa = PBXBuildFile; fileRef = 111164102B30518300F01C5E /* Preview Assets.xcassets */; };
		111164272B30521800F01C5E /* ScanView.swift in Sources */ = {isa = PBXBuildFile; fileRef = 111164262B30521800F01C5E /* ScanView.swift */; };
		111164292B30522100F01C5E /* ScanViewModel.swift in Sources */ = {isa = PBXBuildFile; fileRef = 111164282B30522100F01C5E /* ScanViewModel.swift */; };
		1111642B2B30522D00F01C5E /* HistoryView.swift in Sources */ = {isa = PBXBuildFile; fileRef = 1111642A2B30522D00F01C5E /* HistoryView.swift */; };
		1111642D2B30523500F01C5E /* HistoryViewModel.swift in Sources */ = {isa = PBXBuildFile; fileRef = 1111642C2B30523500F01C5E /* HistoryViewModel.swift */; };
		1111642F2B30523D00F01C5E /* CreateView.swift in Sources */ = {isa = PBXBuildFile; fileRef = 1111642E2B30523D00F01C5E /* CreateView.swift */; };
		111164322B30524900F01C5E /* CreateViewModel.swift in Sources */ = {isa = PBXBuildFile; fileRef = 111164312B30524900F01C5E /* CreateViewModel.swift */; };
		111164342B30525000F01C5E /* SettingsView.swift in Sources */ = {isa = PBXBuildFile; fileRef = 111164332B30525000F01C5E /* SettingsView.swift */; };
		111164362B30525800F01C5E /* SettingsViewModel.swift in Sources */ = {isa = PBXBuildFile; fileRef = 111164352B30525800F01C5E /* SettingsViewModel.swift */; };
		111164392B30526900F01C5E /* MainTapBar.swift in Sources */ = {isa = PBXBuildFile; fileRef = 111164382B30526900F01C5E /* MainTapBar.swift */; };
		1111643E2B30570500F01C5E /* QRCodeFormat.swift in Sources */ = {isa = PBXBuildFile; fileRef = 1111643D2B30570500F01C5E /* QRCodeFormat.swift */; };
		111164412B305D2F00F01C5E /* CreateQRCodeTemplateModel.swift in Sources */ = {isa = PBXBuildFile; fileRef = 111164402B305D2F00F01C5E /* CreateQRCodeTemplateModel.swift */; };
		111164432B305D3900F01C5E /* CreateQRCodeSectionModel.swift in Sources */ = {isa = PBXBuildFile; fileRef = 111164422B305D3900F01C5E /* CreateQRCodeSectionModel.swift */; };
		111164462B30624E00F01C5E /* PersonalCell.swift in Sources */ = {isa = PBXBuildFile; fileRef = 111164452B30624E00F01C5E /* PersonalCell.swift */; };
		111164492B30678700F01C5E /* CompositionalList in Frameworks */ = {isa = PBXBuildFile; productRef = 111164482B30678700F01C5E /* CompositionalList */; };
		1111644D2B30684300F01C5E /* CustomLayout.swift in Sources */ = {isa = PBXBuildFile; fileRef = 1111644C2B30684300F01C5E /* CustomLayout.swift */; };
		1111644F2B3074B200F01C5E /* CreateQRSectionType.swift in Sources */ = {isa = PBXBuildFile; fileRef = 1111644E2B3074B200F01C5E /* CreateQRSectionType.swift */; };
		111164512B30760800F01C5E /* SocialCell.swift in Sources */ = {isa = PBXBuildFile; fileRef = 111164502B30760800F01C5E /* SocialCell.swift */; };
		111164532B31AE2D00F01C5E /* CreateEventFlow.swift in Sources */ = {isa = PBXBuildFile; fileRef = 111164522B31AE2D00F01C5E /* CreateEventFlow.swift */; };
		111164552B31AE3800F01C5E /* CreateCoordinatorViewModel.swift in Sources */ = {isa = PBXBuildFile; fileRef = 111164542B31AE3800F01C5E /* CreateCoordinatorViewModel.swift */; };
		111164572B31AE4900F01C5E /* CreateCoordinatorView.swift in Sources */ = {isa = PBXBuildFile; fileRef = 111164562B31AE4900F01C5E /* CreateCoordinatorView.swift */; };
		111164592B31B1F800F01C5E /* CreateFlow.swift in Sources */ = {isa = PBXBuildFile; fileRef = 111164582B31B1F800F01C5E /* CreateFlow.swift */; };
		1111645C2B31B24900F01C5E /* BaseViewModel.swift in Sources */ = {isa = PBXBuildFile; fileRef = 1111645B2B31B24900F01C5E /* BaseViewModel.swift */; };
		1111645F2B31B2C800F01C5E /* CreateContentLinkQRCodeView.swift in Sources */ = {isa = PBXBuildFile; fileRef = 1111645E2B31B2C800F01C5E /* CreateContentLinkQRCodeView.swift */; };
		111164622B31B3C800F01C5E /* TitledTextField.swift in Sources */ = {isa = PBXBuildFile; fileRef = 111164612B31B3C800F01C5E /* TitledTextField.swift */; };
		111164672B31C5E600F01C5E /* TextViewModel.swift in Sources */ = {isa = PBXBuildFile; fileRef = 111164662B31C5E600F01C5E /* TextViewModel.swift */; };
		1111646A2B31C60400F01C5E /* CreateContentLinkViewModel.swift in Sources */ = {isa = PBXBuildFile; fileRef = 111164692B31C60400F01C5E /* CreateContentLinkViewModel.swift */; };
		111164702B31D6C300F01C5E /* CreateResultQRCodeView.swift in Sources */ = {isa = PBXBuildFile; fileRef = 1111646F2B31D6C300F01C5E /* CreateResultQRCodeView.swift */; };
		1111647C2B31D8D000F01C5E /* QRCode in Frameworks */ = {isa = PBXBuildFile; productRef = 1111647B2B31D8D000F01C5E /* QRCode */; };
		1111647E2B31D8D000F01C5E /* QRCodeDetector in Frameworks */ = {isa = PBXBuildFile; productRef = 1111647D2B31D8D000F01C5E /* QRCodeDetector */; };
		111164802B31D8D000F01C5E /* QRCodeDynamic in Frameworks */ = {isa = PBXBuildFile; productRef = 1111647F2B31D8D000F01C5E /* QRCodeDynamic */; };
		111164822B31D8D000F01C5E /* QRCodeStatic in Frameworks */ = {isa = PBXBuildFile; productRef = 111164812B31D8D000F01C5E /* QRCodeStatic */; };
		111164852B31DBAA00F01C5E /* QRCode.Design+designs.swift in Sources */ = {isa = PBXBuildFile; fileRef = 111164842B31DBAA00F01C5E /* QRCode.Design+designs.swift */; };
		111164872B31DC4300F01C5E /* CreateResultQRCodeViewModel.swift in Sources */ = {isa = PBXBuildFile; fileRef = 111164862B31DC4300F01C5E /* CreateResultQRCodeViewModel.swift */; };
		115562652B344E450055C0EC /* TitledContainerViewModel.swift in Sources */ = {isa = PBXBuildFile; fileRef = 115562642B344E450055C0EC /* TitledContainerViewModel.swift */; };
		115562672B344E530055C0EC /* TitledCopyContainerViewModel.swift in Sources */ = {isa = PBXBuildFile; fileRef = 115562662B344E530055C0EC /* TitledCopyContainerViewModel.swift */; };
		1155626D2B348D190055C0EC /* FormatMatcher.swift in Sources */ = {isa = PBXBuildFile; fileRef = 1155626C2B348D190055C0EC /* FormatMatcher.swift */; };
		115562702B3491050055C0EC /* String+regex.swift in Sources */ = {isa = PBXBuildFile; fileRef = 1155626F2B3491050055C0EC /* String+regex.swift */; };
		115562732B35AC530055C0EC /* TitledContainerView.swift in Sources */ = {isa = PBXBuildFile; fileRef = 115562722B35AC530055C0EC /* TitledContainerView.swift */; };
		115562762B35AE740055C0EC /* SimpleToast in Frameworks */ = {isa = PBXBuildFile; productRef = 115562752B35AE740055C0EC /* SimpleToast */; };
		115562782B35BBB00055C0EC /* PathState.swift in Sources */ = {isa = PBXBuildFile; fileRef = 115562772B35BBB00055C0EC /* PathState.swift */; };
		1155627A2B35BBCF0055C0EC /* CreateResultQRCodeCoordinatorViewModel.swift in Sources */ = {isa = PBXBuildFile; fileRef = 115562792B35BBCF0055C0EC /* CreateResultQRCodeCoordinatorViewModel.swift */; };
		1155627D2B35BBEC0055C0EC /* ResultFlow.swift in Sources */ = {isa = PBXBuildFile; fileRef = 1155627C2B35BBEC0055C0EC /* ResultFlow.swift */; };
		1155627F2B35BBF70055C0EC /* ResultEventFlow.swift in Sources */ = {isa = PBXBuildFile; fileRef = 1155627E2B35BBF70055C0EC /* ResultEventFlow.swift */; };
		115562812B35BC420055C0EC /* CreateResultQRCodeCoordinatorView.swift in Sources */ = {isa = PBXBuildFile; fileRef = 115562802B35BC420055C0EC /* CreateResultQRCodeCoordinatorView.swift */; };
		115562832B35C18D0055C0EC /* MainCreateNavigationView.swift in Sources */ = {isa = PBXBuildFile; fileRef = 115562822B35C18D0055C0EC /* MainCreateNavigationView.swift */; };
		115562862B35C2620055C0EC /* EditQRCodeContentViewModel.swift in Sources */ = {isa = PBXBuildFile; fileRef = 115562852B35C2620055C0EC /* EditQRCodeContentViewModel.swift */; };
		115562882B35C2FB0055C0EC /* ResultEventBus.swift in Sources */ = {isa = PBXBuildFile; fileRef = 115562872B35C2FB0055C0EC /* ResultEventBus.swift */; };
		1155628A2B35C3EC0055C0EC /* TextFieldForm.swift in Sources */ = {isa = PBXBuildFile; fileRef = 115562892B35C3EC0055C0EC /* TextFieldForm.swift */; };
		1155628C2B35C9590055C0EC /* EditQRCodeContentView.swift in Sources */ = {isa = PBXBuildFile; fileRef = 1155628B2B35C9590055C0EC /* EditQRCodeContentView.swift */; };
		115562922B35DBC80055C0EC /* QRCodeDesign.swift in Sources */ = {isa = PBXBuildFile; fileRef = 115562912B35DBC80055C0EC /* QRCodeDesign.swift */; };
		115562962B35F5A70055C0EC /* QRCodeDesignModel.swift in Sources */ = {isa = PBXBuildFile; fileRef = 115562952B35F5A70055C0EC /* QRCodeDesignModel.swift */; };
		115562992B35F6720055C0EC /* DesignCellView.swift in Sources */ = {isa = PBXBuildFile; fileRef = 115562982B35F6720055C0EC /* DesignCellView.swift */; };
		1155629B2B35F7290055C0EC /* ChangeDesignView.swift in Sources */ = {isa = PBXBuildFile; fileRef = 1155629A2B35F7290055C0EC /* ChangeDesignView.swift */; };
		1155629D2B35FB5D0055C0EC /* ChangeDesignCustomLayout.swift in Sources */ = {isa = PBXBuildFile; fileRef = 1155629C2B35FB5D0055C0EC /* ChangeDesignCustomLayout.swift */; };
		115562A02B35FC7C0055C0EC /* ChangeDesignViewModel.swift in Sources */ = {isa = PBXBuildFile; fileRef = 1155629F2B35FC7C0055C0EC /* ChangeDesignViewModel.swift */; };
		115562A22B35FC920055C0EC /* ChangeDesignSectionModel.swift in Sources */ = {isa = PBXBuildFile; fileRef = 115562A12B35FC920055C0EC /* ChangeDesignSectionModel.swift */; };
		115562A42B36092A0055C0EC /* SelectableQRCodeDesign.swift in Sources */ = {isa = PBXBuildFile; fileRef = 115562A32B36092A0055C0EC /* SelectableQRCodeDesign.swift */; };
		115562A82B374C680055C0EC /* DetailedChangeDesignSectionModel.swift in Sources */ = {isa = PBXBuildFile; fileRef = 115562A72B374C680055C0EC /* DetailedChangeDesignSectionModel.swift */; };
		115562AA2B3755190055C0EC /* DetailedChangDesignSectionType.swift in Sources */ = {isa = PBXBuildFile; fileRef = 115562A92B3755190055C0EC /* DetailedChangDesignSectionType.swift */; };
		115562AC2B3755300055C0EC /* DesignElements.swift in Sources */ = {isa = PBXBuildFile; fileRef = 115562AB2B3755300055C0EC /* DesignElements.swift */; };
		115562B02B379BB30055C0EC /* SettingsSectionType.swift in Sources */ = {isa = PBXBuildFile; fileRef = 115562AF2B379BB30055C0EC /* SettingsSectionType.swift */; };
		115562B22B379BC10055C0EC /* SettingsSectionModel.swift in Sources */ = {isa = PBXBuildFile; fileRef = 115562B12B379BC10055C0EC /* SettingsSectionModel.swift */; };
		115562B42B379BCC0055C0EC /* SettingsItemProtocol.swift in Sources */ = {isa = PBXBuildFile; fileRef = 115562B32B379BCC0055C0EC /* SettingsItemProtocol.swift */; };
		115562B72B379BDD0055C0EC /* SettingsItemSubtitleProtocol.swift in Sources */ = {isa = PBXBuildFile; fileRef = 115562B62B379BDD0055C0EC /* SettingsItemSubtitleProtocol.swift */; };
		115562B92B379BED0055C0EC /* SettingsItemValueProtocol.swift in Sources */ = {isa = PBXBuildFile; fileRef = 115562B82B379BED0055C0EC /* SettingsItemValueProtocol.swift */; };
		115562BB2B379BF80055C0EC /* SettingsItemValueSubtitleProtocol.swift in Sources */ = {isa = PBXBuildFile; fileRef = 115562BA2B379BF80055C0EC /* SettingsItemValueSubtitleProtocol.swift */; };
		115562BD2B379C0A0055C0EC /* SettingsItemModel.swift in Sources */ = {isa = PBXBuildFile; fileRef = 115562BC2B379C0A0055C0EC /* SettingsItemModel.swift */; };
		115562BF2B379C160055C0EC /* SettingsItemSubtitleModel.swift in Sources */ = {isa = PBXBuildFile; fileRef = 115562BE2B379C160055C0EC /* SettingsItemSubtitleModel.swift */; };
		115562C12B379C200055C0EC /* SettingsItemValueModel.swift in Sources */ = {isa = PBXBuildFile; fileRef = 115562C02B379C200055C0EC /* SettingsItemValueModel.swift */; };
		115562C32B379C2B0055C0EC /* SettingsItemValueSubtitleModel.swift in Sources */ = {isa = PBXBuildFile; fileRef = 115562C22B379C2B0055C0EC /* SettingsItemValueSubtitleModel.swift */; };
		115562C52B379C360055C0EC /* SettingsItemProtocolEraser.swift in Sources */ = {isa = PBXBuildFile; fileRef = 115562C42B379C360055C0EC /* SettingsItemProtocolEraser.swift */; };
		115562C82B37A26E0055C0EC /* InAppCellView.swift in Sources */ = {isa = PBXBuildFile; fileRef = 115562C72B37A26E0055C0EC /* InAppCellView.swift */; };
		115562CA2B3848340055C0EC /* SettingsValueStringCellView.swift in Sources */ = {isa = PBXBuildFile; fileRef = 115562C92B3848340055C0EC /* SettingsValueStringCellView.swift */; };
		115562CC2B3849FF0055C0EC /* SettingsValueBoolCellView.swift in Sources */ = {isa = PBXBuildFile; fileRef = 115562CB2B3849FF0055C0EC /* SettingsValueBoolCellView.swift */; };
		115562CE2B384E690055C0EC /* SettingsCellView.swift in Sources */ = {isa = PBXBuildFile; fileRef = 115562CD2B384E690055C0EC /* SettingsCellView.swift */; };
		115562D02B3853FF0055C0EC /* SettingsEventFlow.swift in Sources */ = {isa = PBXBuildFile; fileRef = 115562CF2B3853FF0055C0EC /* SettingsEventFlow.swift */; };
		115562D32B3854260055C0EC /* MainSettingsNavigationView.swift in Sources */ = {isa = PBXBuildFile; fileRef = 115562D22B3854260055C0EC /* MainSettingsNavigationView.swift */; };
		115562D52B3854370055C0EC /* SettingsCoordinatorViewModel.swift in Sources */ = {isa = PBXBuildFile; fileRef = 115562D42B3854370055C0EC /* SettingsCoordinatorViewModel.swift */; };
		115562D72B38547F0055C0EC /* SettingsCoordinatorView.swift in Sources */ = {isa = PBXBuildFile; fileRef = 115562D62B38547F0055C0EC /* SettingsCoordinatorView.swift */; };
		115562DE2B3855B70055C0EC /* SelectLanguageViewModel.swift in Sources */ = {isa = PBXBuildFile; fileRef = 115562DD2B3855B70055C0EC /* SelectLanguageViewModel.swift */; };
		115562E02B3855FF0055C0EC /* SelectableItemViewModel.swift in Sources */ = {isa = PBXBuildFile; fileRef = 115562DF2B3855FF0055C0EC /* SelectableItemViewModel.swift */; };
		115562E22B389D700055C0EC /* LanguageType.swift in Sources */ = {isa = PBXBuildFile; fileRef = 115562E12B389D700055C0EC /* LanguageType.swift */; };
		115562E42B389D7D0055C0EC /* LanguageModel.swift in Sources */ = {isa = PBXBuildFile; fileRef = 115562E32B389D7D0055C0EC /* LanguageModel.swift */; };
		115562E62B389D890055C0EC /* SettingsEventBus.swift in Sources */ = {isa = PBXBuildFile; fileRef = 115562E52B389D890055C0EC /* SettingsEventBus.swift */; };
		115562E82B389DDE0055C0EC /* SelectLanguageView.swift in Sources */ = {isa = PBXBuildFile; fileRef = 115562E72B389DDE0055C0EC /* SelectLanguageView.swift */; };
		115562EB2B389F1C0055C0EC /* LanguageCellView.swift in Sources */ = {isa = PBXBuildFile; fileRef = 115562EA2B389F1C0055C0EC /* LanguageCellView.swift */; };
		115562ED2B389F6A0055C0EC /* SettingFlow.swift in Sources */ = {isa = PBXBuildFile; fileRef = 115562EC2B389F6A0055C0EC /* SettingFlow.swift */; };
		115562EF2B389F7C0055C0EC /* SettingsItemType.swift in Sources */ = {isa = PBXBuildFile; fileRef = 115562EE2B389F7C0055C0EC /* SettingsItemType.swift */; };
		115562F12B38A3550055C0EC /* UserDefaultsService.swift in Sources */ = {isa = PBXBuildFile; fileRef = 115562F02B38A3550055C0EC /* UserDefaultsService.swift */; };
		115562F32B38AA850055C0EC /* String+localized.swift in Sources */ = {isa = PBXBuildFile; fileRef = 115562F22B38AA850055C0EC /* String+localized.swift */; };
		115562F52B38AB6F0055C0EC /* Localizable.xcstrings in Resources */ = {isa = PBXBuildFile; fileRef = 115562F42B38AB6F0055C0EC /* Localizable.xcstrings */; };
		115562F72B38B6EB0055C0EC /* NavigationBarModifier.swift in Sources */ = {isa = PBXBuildFile; fileRef = 115562F62B38B6EB0055C0EC /* NavigationBarModifier.swift */; };
/* End PBXBuildFile section */

/* Begin PBXFileReference section */
		111164042B30518200F01C5E /* QRCodeApp.app */ = {isa = PBXFileReference; explicitFileType = wrapper.application; includeInIndex = 0; path = QRCodeApp.app; sourceTree = BUILT_PRODUCTS_DIR; };
		111164072B30518200F01C5E /* QRCodeApp.swift */ = {isa = PBXFileReference; lastKnownFileType = sourcecode.swift; path = QRCodeApp.swift; sourceTree = "<group>"; };
		111164092B30518200F01C5E /* ContentView.swift */ = {isa = PBXFileReference; lastKnownFileType = sourcecode.swift; path = ContentView.swift; sourceTree = "<group>"; };
		1111640D2B30518300F01C5E /* Assets.xcassets */ = {isa = PBXFileReference; lastKnownFileType = folder.assetcatalog; path = Assets.xcassets; sourceTree = "<group>"; };
		111164102B30518300F01C5E /* Preview Assets.xcassets */ = {isa = PBXFileReference; lastKnownFileType = folder.assetcatalog; path = "Preview Assets.xcassets"; sourceTree = "<group>"; };
		111164262B30521800F01C5E /* ScanView.swift */ = {isa = PBXFileReference; lastKnownFileType = sourcecode.swift; path = ScanView.swift; sourceTree = "<group>"; };
		111164282B30522100F01C5E /* ScanViewModel.swift */ = {isa = PBXFileReference; lastKnownFileType = sourcecode.swift; path = ScanViewModel.swift; sourceTree = "<group>"; };
		1111642A2B30522D00F01C5E /* HistoryView.swift */ = {isa = PBXFileReference; lastKnownFileType = sourcecode.swift; path = HistoryView.swift; sourceTree = "<group>"; };
		1111642C2B30523500F01C5E /* HistoryViewModel.swift */ = {isa = PBXFileReference; lastKnownFileType = sourcecode.swift; path = HistoryViewModel.swift; sourceTree = "<group>"; };
		1111642E2B30523D00F01C5E /* CreateView.swift */ = {isa = PBXFileReference; lastKnownFileType = sourcecode.swift; path = CreateView.swift; sourceTree = "<group>"; };
		111164312B30524900F01C5E /* CreateViewModel.swift */ = {isa = PBXFileReference; lastKnownFileType = sourcecode.swift; path = CreateViewModel.swift; sourceTree = "<group>"; };
		111164332B30525000F01C5E /* SettingsView.swift */ = {isa = PBXFileReference; lastKnownFileType = sourcecode.swift; path = SettingsView.swift; sourceTree = "<group>"; };
		111164352B30525800F01C5E /* SettingsViewModel.swift */ = {isa = PBXFileReference; lastKnownFileType = sourcecode.swift; path = SettingsViewModel.swift; sourceTree = "<group>"; };
		111164382B30526900F01C5E /* MainTapBar.swift */ = {isa = PBXFileReference; lastKnownFileType = sourcecode.swift; path = MainTapBar.swift; sourceTree = "<group>"; };
		1111643D2B30570500F01C5E /* QRCodeFormat.swift */ = {isa = PBXFileReference; lastKnownFileType = sourcecode.swift; path = QRCodeFormat.swift; sourceTree = "<group>"; };
		111164402B305D2F00F01C5E /* CreateQRCodeTemplateModel.swift */ = {isa = PBXFileReference; lastKnownFileType = sourcecode.swift; path = CreateQRCodeTemplateModel.swift; sourceTree = "<group>"; };
		111164422B305D3900F01C5E /* CreateQRCodeSectionModel.swift */ = {isa = PBXFileReference; lastKnownFileType = sourcecode.swift; path = CreateQRCodeSectionModel.swift; sourceTree = "<group>"; };
		111164452B30624E00F01C5E /* PersonalCell.swift */ = {isa = PBXFileReference; lastKnownFileType = sourcecode.swift; path = PersonalCell.swift; sourceTree = "<group>"; };
		1111644C2B30684300F01C5E /* CustomLayout.swift */ = {isa = PBXFileReference; lastKnownFileType = sourcecode.swift; path = CustomLayout.swift; sourceTree = "<group>"; };
		1111644E2B3074B200F01C5E /* CreateQRSectionType.swift */ = {isa = PBXFileReference; lastKnownFileType = sourcecode.swift; path = CreateQRSectionType.swift; sourceTree = "<group>"; };
		111164502B30760800F01C5E /* SocialCell.swift */ = {isa = PBXFileReference; lastKnownFileType = sourcecode.swift; path = SocialCell.swift; sourceTree = "<group>"; };
		111164522B31AE2D00F01C5E /* CreateEventFlow.swift */ = {isa = PBXFileReference; lastKnownFileType = sourcecode.swift; path = CreateEventFlow.swift; sourceTree = "<group>"; };
		111164542B31AE3800F01C5E /* CreateCoordinatorViewModel.swift */ = {isa = PBXFileReference; lastKnownFileType = sourcecode.swift; path = CreateCoordinatorViewModel.swift; sourceTree = "<group>"; };
		111164562B31AE4900F01C5E /* CreateCoordinatorView.swift */ = {isa = PBXFileReference; lastKnownFileType = sourcecode.swift; path = CreateCoordinatorView.swift; sourceTree = "<group>"; };
		111164582B31B1F800F01C5E /* CreateFlow.swift */ = {isa = PBXFileReference; lastKnownFileType = sourcecode.swift; path = CreateFlow.swift; sourceTree = "<group>"; };
		1111645B2B31B24900F01C5E /* BaseViewModel.swift */ = {isa = PBXFileReference; lastKnownFileType = sourcecode.swift; path = BaseViewModel.swift; sourceTree = "<group>"; };
		1111645E2B31B2C800F01C5E /* CreateContentLinkQRCodeView.swift */ = {isa = PBXFileReference; lastKnownFileType = sourcecode.swift; path = CreateContentLinkQRCodeView.swift; sourceTree = "<group>"; };
		111164612B31B3C800F01C5E /* TitledTextField.swift */ = {isa = PBXFileReference; lastKnownFileType = sourcecode.swift; path = TitledTextField.swift; sourceTree = "<group>"; };
		111164662B31C5E600F01C5E /* TextViewModel.swift */ = {isa = PBXFileReference; lastKnownFileType = sourcecode.swift; path = TextViewModel.swift; sourceTree = "<group>"; };
		111164692B31C60400F01C5E /* CreateContentLinkViewModel.swift */ = {isa = PBXFileReference; lastKnownFileType = sourcecode.swift; path = CreateContentLinkViewModel.swift; sourceTree = "<group>"; };
		1111646F2B31D6C300F01C5E /* CreateResultQRCodeView.swift */ = {isa = PBXFileReference; lastKnownFileType = sourcecode.swift; path = CreateResultQRCodeView.swift; sourceTree = "<group>"; };
		111164842B31DBAA00F01C5E /* QRCode.Design+designs.swift */ = {isa = PBXFileReference; lastKnownFileType = sourcecode.swift; path = "QRCode.Design+designs.swift"; sourceTree = "<group>"; };
		111164862B31DC4300F01C5E /* CreateResultQRCodeViewModel.swift */ = {isa = PBXFileReference; lastKnownFileType = sourcecode.swift; path = CreateResultQRCodeViewModel.swift; sourceTree = "<group>"; };
		115562642B344E450055C0EC /* TitledContainerViewModel.swift */ = {isa = PBXFileReference; lastKnownFileType = sourcecode.swift; path = TitledContainerViewModel.swift; sourceTree = "<group>"; };
		115562662B344E530055C0EC /* TitledCopyContainerViewModel.swift */ = {isa = PBXFileReference; lastKnownFileType = sourcecode.swift; path = TitledCopyContainerViewModel.swift; sourceTree = "<group>"; };
		1155626C2B348D190055C0EC /* FormatMatcher.swift */ = {isa = PBXFileReference; lastKnownFileType = sourcecode.swift; path = FormatMatcher.swift; sourceTree = "<group>"; };
		1155626F2B3491050055C0EC /* String+regex.swift */ = {isa = PBXFileReference; lastKnownFileType = sourcecode.swift; path = "String+regex.swift"; sourceTree = "<group>"; };
		115562722B35AC530055C0EC /* TitledContainerView.swift */ = {isa = PBXFileReference; lastKnownFileType = sourcecode.swift; path = TitledContainerView.swift; sourceTree = "<group>"; };
		115562772B35BBB00055C0EC /* PathState.swift */ = {isa = PBXFileReference; lastKnownFileType = sourcecode.swift; path = PathState.swift; sourceTree = "<group>"; };
		115562792B35BBCF0055C0EC /* CreateResultQRCodeCoordinatorViewModel.swift */ = {isa = PBXFileReference; lastKnownFileType = sourcecode.swift; path = CreateResultQRCodeCoordinatorViewModel.swift; sourceTree = "<group>"; };
		1155627C2B35BBEC0055C0EC /* ResultFlow.swift */ = {isa = PBXFileReference; lastKnownFileType = sourcecode.swift; path = ResultFlow.swift; sourceTree = "<group>"; };
		1155627E2B35BBF70055C0EC /* ResultEventFlow.swift */ = {isa = PBXFileReference; lastKnownFileType = sourcecode.swift; path = ResultEventFlow.swift; sourceTree = "<group>"; };
		115562802B35BC420055C0EC /* CreateResultQRCodeCoordinatorView.swift */ = {isa = PBXFileReference; lastKnownFileType = sourcecode.swift; path = CreateResultQRCodeCoordinatorView.swift; sourceTree = "<group>"; };
		115562822B35C18D0055C0EC /* MainCreateNavigationView.swift */ = {isa = PBXFileReference; lastKnownFileType = sourcecode.swift; path = MainCreateNavigationView.swift; sourceTree = "<group>"; };
		115562852B35C2620055C0EC /* EditQRCodeContentViewModel.swift */ = {isa = PBXFileReference; lastKnownFileType = sourcecode.swift; path = EditQRCodeContentViewModel.swift; sourceTree = "<group>"; };
		115562872B35C2FB0055C0EC /* ResultEventBus.swift */ = {isa = PBXFileReference; lastKnownFileType = sourcecode.swift; path = ResultEventBus.swift; sourceTree = "<group>"; };
		115562892B35C3EC0055C0EC /* TextFieldForm.swift */ = {isa = PBXFileReference; lastKnownFileType = sourcecode.swift; path = TextFieldForm.swift; sourceTree = "<group>"; };
		1155628B2B35C9590055C0EC /* EditQRCodeContentView.swift */ = {isa = PBXFileReference; lastKnownFileType = sourcecode.swift; path = EditQRCodeContentView.swift; sourceTree = "<group>"; };
		115562912B35DBC80055C0EC /* QRCodeDesign.swift */ = {isa = PBXFileReference; lastKnownFileType = sourcecode.swift; path = QRCodeDesign.swift; sourceTree = "<group>"; };
		115562952B35F5A70055C0EC /* QRCodeDesignModel.swift */ = {isa = PBXFileReference; lastKnownFileType = sourcecode.swift; path = QRCodeDesignModel.swift; sourceTree = "<group>"; };
		115562982B35F6720055C0EC /* DesignCellView.swift */ = {isa = PBXFileReference; lastKnownFileType = sourcecode.swift; path = DesignCellView.swift; sourceTree = "<group>"; };
		1155629A2B35F7290055C0EC /* ChangeDesignView.swift */ = {isa = PBXFileReference; lastKnownFileType = sourcecode.swift; path = ChangeDesignView.swift; sourceTree = "<group>"; };
		1155629C2B35FB5D0055C0EC /* ChangeDesignCustomLayout.swift */ = {isa = PBXFileReference; lastKnownFileType = sourcecode.swift; path = ChangeDesignCustomLayout.swift; sourceTree = "<group>"; };
		1155629F2B35FC7C0055C0EC /* ChangeDesignViewModel.swift */ = {isa = PBXFileReference; lastKnownFileType = sourcecode.swift; path = ChangeDesignViewModel.swift; sourceTree = "<group>"; };
		115562A12B35FC920055C0EC /* ChangeDesignSectionModel.swift */ = {isa = PBXFileReference; lastKnownFileType = sourcecode.swift; path = ChangeDesignSectionModel.swift; sourceTree = "<group>"; };
		115562A32B36092A0055C0EC /* SelectableQRCodeDesign.swift */ = {isa = PBXFileReference; lastKnownFileType = sourcecode.swift; path = SelectableQRCodeDesign.swift; sourceTree = "<group>"; };
		115562A72B374C680055C0EC /* DetailedChangeDesignSectionModel.swift */ = {isa = PBXFileReference; lastKnownFileType = sourcecode.swift; path = DetailedChangeDesignSectionModel.swift; sourceTree = "<group>"; };
		115562A92B3755190055C0EC /* DetailedChangDesignSectionType.swift */ = {isa = PBXFileReference; lastKnownFileType = sourcecode.swift; path = DetailedChangDesignSectionType.swift; sourceTree = "<group>"; };
		115562AB2B3755300055C0EC /* DesignElements.swift */ = {isa = PBXFileReference; lastKnownFileType = sourcecode.swift; path = DesignElements.swift; sourceTree = "<group>"; };
		115562AF2B379BB30055C0EC /* SettingsSectionType.swift */ = {isa = PBXFileReference; lastKnownFileType = sourcecode.swift; path = SettingsSectionType.swift; sourceTree = "<group>"; };
		115562B12B379BC10055C0EC /* SettingsSectionModel.swift */ = {isa = PBXFileReference; lastKnownFileType = sourcecode.swift; path = SettingsSectionModel.swift; sourceTree = "<group>"; };
		115562B32B379BCC0055C0EC /* SettingsItemProtocol.swift */ = {isa = PBXFileReference; lastKnownFileType = sourcecode.swift; path = SettingsItemProtocol.swift; sourceTree = "<group>"; };
		115562B62B379BDD0055C0EC /* SettingsItemSubtitleProtocol.swift */ = {isa = PBXFileReference; lastKnownFileType = sourcecode.swift; path = SettingsItemSubtitleProtocol.swift; sourceTree = "<group>"; };
		115562B82B379BED0055C0EC /* SettingsItemValueProtocol.swift */ = {isa = PBXFileReference; lastKnownFileType = sourcecode.swift; path = SettingsItemValueProtocol.swift; sourceTree = "<group>"; };
		115562BA2B379BF80055C0EC /* SettingsItemValueSubtitleProtocol.swift */ = {isa = PBXFileReference; lastKnownFileType = sourcecode.swift; path = SettingsItemValueSubtitleProtocol.swift; sourceTree = "<group>"; };
		115562BC2B379C0A0055C0EC /* SettingsItemModel.swift */ = {isa = PBXFileReference; lastKnownFileType = sourcecode.swift; path = SettingsItemModel.swift; sourceTree = "<group>"; };
		115562BE2B379C160055C0EC /* SettingsItemSubtitleModel.swift */ = {isa = PBXFileReference; lastKnownFileType = sourcecode.swift; path = SettingsItemSubtitleModel.swift; sourceTree = "<group>"; };
		115562C02B379C200055C0EC /* SettingsItemValueModel.swift */ = {isa = PBXFileReference; lastKnownFileType = sourcecode.swift; path = SettingsItemValueModel.swift; sourceTree = "<group>"; };
		115562C22B379C2B0055C0EC /* SettingsItemValueSubtitleModel.swift */ = {isa = PBXFileReference; lastKnownFileType = sourcecode.swift; path = SettingsItemValueSubtitleModel.swift; sourceTree = "<group>"; };
		115562C42B379C360055C0EC /* SettingsItemProtocolEraser.swift */ = {isa = PBXFileReference; lastKnownFileType = sourcecode.swift; path = SettingsItemProtocolEraser.swift; sourceTree = "<group>"; };
		115562C72B37A26E0055C0EC /* InAppCellView.swift */ = {isa = PBXFileReference; lastKnownFileType = sourcecode.swift; path = InAppCellView.swift; sourceTree = "<group>"; };
		115562C92B3848340055C0EC /* SettingsValueStringCellView.swift */ = {isa = PBXFileReference; lastKnownFileType = sourcecode.swift; path = SettingsValueStringCellView.swift; sourceTree = "<group>"; };
		115562CB2B3849FF0055C0EC /* SettingsValueBoolCellView.swift */ = {isa = PBXFileReference; lastKnownFileType = sourcecode.swift; path = SettingsValueBoolCellView.swift; sourceTree = "<group>"; };
		115562CD2B384E690055C0EC /* SettingsCellView.swift */ = {isa = PBXFileReference; lastKnownFileType = sourcecode.swift; path = SettingsCellView.swift; sourceTree = "<group>"; };
		115562CF2B3853FF0055C0EC /* SettingsEventFlow.swift */ = {isa = PBXFileReference; lastKnownFileType = sourcecode.swift; path = SettingsEventFlow.swift; sourceTree = "<group>"; };
		115562D22B3854260055C0EC /* MainSettingsNavigationView.swift */ = {isa = PBXFileReference; lastKnownFileType = sourcecode.swift; path = MainSettingsNavigationView.swift; sourceTree = "<group>"; };
		115562D42B3854370055C0EC /* SettingsCoordinatorViewModel.swift */ = {isa = PBXFileReference; lastKnownFileType = sourcecode.swift; path = SettingsCoordinatorViewModel.swift; sourceTree = "<group>"; };
		115562D62B38547F0055C0EC /* SettingsCoordinatorView.swift */ = {isa = PBXFileReference; lastKnownFileType = sourcecode.swift; path = SettingsCoordinatorView.swift; sourceTree = "<group>"; };
		115562DD2B3855B70055C0EC /* SelectLanguageViewModel.swift */ = {isa = PBXFileReference; lastKnownFileType = sourcecode.swift; path = SelectLanguageViewModel.swift; sourceTree = "<group>"; };
		115562DF2B3855FF0055C0EC /* SelectableItemViewModel.swift */ = {isa = PBXFileReference; lastKnownFileType = sourcecode.swift; path = SelectableItemViewModel.swift; sourceTree = "<group>"; };
		115562E12B389D700055C0EC /* LanguageType.swift */ = {isa = PBXFileReference; lastKnownFileType = sourcecode.swift; path = LanguageType.swift; sourceTree = "<group>"; };
		115562E32B389D7D0055C0EC /* LanguageModel.swift */ = {isa = PBXFileReference; lastKnownFileType = sourcecode.swift; path = LanguageModel.swift; sourceTree = "<group>"; };
		115562E52B389D890055C0EC /* SettingsEventBus.swift */ = {isa = PBXFileReference; lastKnownFileType = sourcecode.swift; path = SettingsEventBus.swift; sourceTree = "<group>"; };
		115562E72B389DDE0055C0EC /* SelectLanguageView.swift */ = {isa = PBXFileReference; lastKnownFileType = sourcecode.swift; path = SelectLanguageView.swift; sourceTree = "<group>"; };
		115562EA2B389F1C0055C0EC /* LanguageCellView.swift */ = {isa = PBXFileReference; lastKnownFileType = sourcecode.swift; path = LanguageCellView.swift; sourceTree = "<group>"; };
		115562EC2B389F6A0055C0EC /* SettingFlow.swift */ = {isa = PBXFileReference; lastKnownFileType = sourcecode.swift; path = SettingFlow.swift; sourceTree = "<group>"; };
		115562EE2B389F7C0055C0EC /* SettingsItemType.swift */ = {isa = PBXFileReference; lastKnownFileType = sourcecode.swift; path = SettingsItemType.swift; sourceTree = "<group>"; };
		115562F02B38A3550055C0EC /* UserDefaultsService.swift */ = {isa = PBXFileReference; lastKnownFileType = sourcecode.swift; path = UserDefaultsService.swift; sourceTree = "<group>"; };
		115562F22B38AA850055C0EC /* String+localized.swift */ = {isa = PBXFileReference; lastKnownFileType = sourcecode.swift; path = "String+localized.swift"; sourceTree = "<group>"; };
		115562F42B38AB6F0055C0EC /* Localizable.xcstrings */ = {isa = PBXFileReference; lastKnownFileType = text.json.xcstrings; path = Localizable.xcstrings; sourceTree = "<group>"; };
		115562F62B38B6EB0055C0EC /* NavigationBarModifier.swift */ = {isa = PBXFileReference; lastKnownFileType = sourcecode.swift; path = NavigationBarModifier.swift; sourceTree = "<group>"; };
/* End PBXFileReference section */

/* Begin PBXFrameworksBuildPhase section */
		111164012B30518200F01C5E /* Frameworks */ = {
			isa = PBXFrameworksBuildPhase;
			buildActionMask = 2147483647;
			files = (
				111164802B31D8D000F01C5E /* QRCodeDynamic in Frameworks */,
				1111647E2B31D8D000F01C5E /* QRCodeDetector in Frameworks */,
				1111647C2B31D8D000F01C5E /* QRCode in Frameworks */,
				111164822B31D8D000F01C5E /* QRCodeStatic in Frameworks */,
				115562762B35AE740055C0EC /* SimpleToast in Frameworks */,
				111164492B30678700F01C5E /* CompositionalList in Frameworks */,
			);
			runOnlyForDeploymentPostprocessing = 0;
		};
/* End PBXFrameworksBuildPhase section */

/* Begin PBXGroup section */
		111163FB2B30518200F01C5E = {
			isa = PBXGroup;
			children = (
				111164062B30518200F01C5E /* QRCode */,
				111164052B30518200F01C5E /* Products */,
			);
			sourceTree = "<group>";
		};
		111164052B30518200F01C5E /* Products */ = {
			isa = PBXGroup;
			children = (
				111164042B30518200F01C5E /* QRCodeApp.app */,
			);
			name = Products;
			sourceTree = "<group>";
		};
		111164062B30518200F01C5E /* QRCode */ = {
			isa = PBXGroup;
			children = (
				1111643B2B3056FA00F01C5E /* Common */,
				1111643A2B3053B800F01C5E /* Resources */,
				111164182B3051B700F01C5E /* Feature */,
				111164072B30518200F01C5E /* QRCodeApp.swift */,
				111164092B30518200F01C5E /* ContentView.swift */,
				1111640F2B30518300F01C5E /* Preview Content */,
			);
			path = QRCode;
			sourceTree = "<group>";
		};
		1111640F2B30518300F01C5E /* Preview Content */ = {
			isa = PBXGroup;
			children = (
				111164102B30518300F01C5E /* Preview Assets.xcassets */,
			);
			path = "Preview Content";
			sourceTree = "<group>";
		};
		111164182B3051B700F01C5E /* Feature */ = {
			isa = PBXGroup;
			children = (
				1111646B2B31D69000F01C5E /* CreateResultQRCode */,
				1111645D2B31B2B300F01C5E /* CreateContentQRCode */,
				111164372B30526000F01C5E /* TapBar */,
				1111641C2B3051D700F01C5E /* Settings */,
				1111641B2B3051D000F01C5E /* Create */,
				1111641A2B3051C800F01C5E /* History */,
				111164192B3051BD00F01C5E /* Scan */,
			);
			path = Feature;
			sourceTree = "<group>";
		};
		111164192B3051BD00F01C5E /* Scan */ = {
			isa = PBXGroup;
			children = (
				1111641E2B3051E200F01C5E /* ViewModels */,
				1111641D2B3051DE00F01C5E /* Views */,
			);
			path = Scan;
			sourceTree = "<group>";
		};
		1111641A2B3051C800F01C5E /* History */ = {
			isa = PBXGroup;
			children = (
				111164202B3051ED00F01C5E /* Views */,
				1111641F2B3051E800F01C5E /* ViewModels */,
			);
			path = History;
			sourceTree = "<group>";
		};
		1111641B2B3051D000F01C5E /* Create */ = {
			isa = PBXGroup;
			children = (
				1111644A2B30681B00F01C5E /* Extensions */,
				1111643F2B305D2900F01C5E /* Models */,
				111164222B3051FC00F01C5E /* ViewModels */,
				111164212B3051F200F01C5E /* Views */,
			);
			path = Create;
			sourceTree = "<group>";
		};
		1111641C2B3051D700F01C5E /* Settings */ = {
			isa = PBXGroup;
			children = (
				115562D82B3855310055C0EC /* SelectLanguage */,
				115562AE2B379BAC0055C0EC /* Models */,
				111164242B30520400F01C5E /* ViewModels */,
				111164232B30520100F01C5E /* Views */,
			);
			path = Settings;
			sourceTree = "<group>";
		};
		1111641D2B3051DE00F01C5E /* Views */ = {
			isa = PBXGroup;
			children = (
				111164262B30521800F01C5E /* ScanView.swift */,
			);
			path = Views;
			sourceTree = "<group>";
		};
		1111641E2B3051E200F01C5E /* ViewModels */ = {
			isa = PBXGroup;
			children = (
				111164282B30522100F01C5E /* ScanViewModel.swift */,
			);
			path = ViewModels;
			sourceTree = "<group>";
		};
		1111641F2B3051E800F01C5E /* ViewModels */ = {
			isa = PBXGroup;
			children = (
				1111642C2B30523500F01C5E /* HistoryViewModel.swift */,
			);
			path = ViewModels;
			sourceTree = "<group>";
		};
		111164202B3051ED00F01C5E /* Views */ = {
			isa = PBXGroup;
			children = (
				1111642A2B30522D00F01C5E /* HistoryView.swift */,
			);
			path = Views;
			sourceTree = "<group>";
		};
		111164212B3051F200F01C5E /* Views */ = {
			isa = PBXGroup;
			children = (
				111164442B30624300F01C5E /* Cells */,
				1111642E2B30523D00F01C5E /* CreateView.swift */,
				111164562B31AE4900F01C5E /* CreateCoordinatorView.swift */,
				115562822B35C18D0055C0EC /* MainCreateNavigationView.swift */,
			);
			path = Views;
			sourceTree = "<group>";
		};
		111164222B3051FC00F01C5E /* ViewModels */ = {
			isa = PBXGroup;
			children = (
				111164312B30524900F01C5E /* CreateViewModel.swift */,
				111164542B31AE3800F01C5E /* CreateCoordinatorViewModel.swift */,
			);
			path = ViewModels;
			sourceTree = "<group>";
		};
		111164232B30520100F01C5E /* Views */ = {
			isa = PBXGroup;
			children = (
				115562D62B38547F0055C0EC /* SettingsCoordinatorView.swift */,
				115562C62B37A2630055C0EC /* Cells */,
				111164332B30525000F01C5E /* SettingsView.swift */,
				115562D22B3854260055C0EC /* MainSettingsNavigationView.swift */,
			);
			path = Views;
			sourceTree = "<group>";
		};
		111164242B30520400F01C5E /* ViewModels */ = {
			isa = PBXGroup;
			children = (
				115562D42B3854370055C0EC /* SettingsCoordinatorViewModel.swift */,
				111164352B30525800F01C5E /* SettingsViewModel.swift */,
			);
			path = ViewModels;
			sourceTree = "<group>";
		};
		111164372B30526000F01C5E /* TapBar */ = {
			isa = PBXGroup;
			children = (
				111164382B30526900F01C5E /* MainTapBar.swift */,
			);
			path = TapBar;
			sourceTree = "<group>";
		};
		1111643A2B3053B800F01C5E /* Resources */ = {
			isa = PBXGroup;
			children = (
				1111640D2B30518300F01C5E /* Assets.xcassets */,
				115562F42B38AB6F0055C0EC /* Localizable.xcstrings */,
			);
			path = Resources;
			sourceTree = "<group>";
		};
		1111643B2B3056FA00F01C5E /* Common */ = {
			isa = PBXGroup;
			children = (
				1155626E2B3490F60055C0EC /* Extensions */,
				1155626B2B348D030055C0EC /* Utils */,
				111164602B31B3B900F01C5E /* UI */,
				1111645A2B31B24500F01C5E /* ViewModels */,
				1111643C2B30570000F01C5E /* Models */,
				115562772B35BBB00055C0EC /* PathState.swift */,
			);
			path = Common;
			sourceTree = "<group>";
		};
		1111643C2B30570000F01C5E /* Models */ = {
			isa = PBXGroup;
			children = (
				115562E12B389D700055C0EC /* LanguageType.swift */,
				1111643D2B30570500F01C5E /* QRCodeFormat.swift */,
			);
			path = Models;
			sourceTree = "<group>";
		};
		1111643F2B305D2900F01C5E /* Models */ = {
			isa = PBXGroup;
			children = (
				111164402B305D2F00F01C5E /* CreateQRCodeTemplateModel.swift */,
				111164422B305D3900F01C5E /* CreateQRCodeSectionModel.swift */,
				1111644E2B3074B200F01C5E /* CreateQRSectionType.swift */,
				111164522B31AE2D00F01C5E /* CreateEventFlow.swift */,
				111164582B31B1F800F01C5E /* CreateFlow.swift */,
			);
			path = Models;
			sourceTree = "<group>";
		};
		111164442B30624300F01C5E /* Cells */ = {
			isa = PBXGroup;
			children = (
				111164452B30624E00F01C5E /* PersonalCell.swift */,
				111164502B30760800F01C5E /* SocialCell.swift */,
			);
			path = Cells;
			sourceTree = "<group>";
		};
		1111644A2B30681B00F01C5E /* Extensions */ = {
			isa = PBXGroup;
			children = (
				1111644C2B30684300F01C5E /* CustomLayout.swift */,
			);
			path = Extensions;
			sourceTree = "<group>";
		};
		1111645A2B31B24500F01C5E /* ViewModels */ = {
			isa = PBXGroup;
			children = (
				1111645B2B31B24900F01C5E /* BaseViewModel.swift */,
				111164662B31C5E600F01C5E /* TextViewModel.swift */,
				115562642B344E450055C0EC /* TitledContainerViewModel.swift */,
				115562662B344E530055C0EC /* TitledCopyContainerViewModel.swift */,
				115562DF2B3855FF0055C0EC /* SelectableItemViewModel.swift */,
			);
			path = ViewModels;
			sourceTree = "<group>";
		};
		1111645D2B31B2B300F01C5E /* CreateContentQRCode */ = {
			isa = PBXGroup;
			children = (
				1111646E2B31D6B100F01C5E /* Views */,
				111164682B31C5FF00F01C5E /* ViewModels */,
			);
			path = CreateContentQRCode;
			sourceTree = "<group>";
		};
		111164602B31B3B900F01C5E /* UI */ = {
			isa = PBXGroup;
			children = (
				111164612B31B3C800F01C5E /* TitledTextField.swift */,
				115562722B35AC530055C0EC /* TitledContainerView.swift */,
				115562892B35C3EC0055C0EC /* TextFieldForm.swift */,
				115562F62B38B6EB0055C0EC /* NavigationBarModifier.swift */,
			);
			path = UI;
			sourceTree = "<group>";
		};
		111164682B31C5FF00F01C5E /* ViewModels */ = {
			isa = PBXGroup;
			children = (
				111164692B31C60400F01C5E /* CreateContentLinkViewModel.swift */,
			);
			path = ViewModels;
			sourceTree = "<group>";
		};
		1111646B2B31D69000F01C5E /* CreateResultQRCode */ = {
			isa = PBXGroup;
			children = (
				115562A52B374C470055C0EC /* DetailedChangeDesign */,
				1155628D2B35DB5C0055C0EC /* ChangeDesign */,
				1155627B2B35BBE80055C0EC /* Models */,
				111164832B31DB9900F01C5E /* Extensions */,
				1111646D2B31D6AD00F01C5E /* Views */,
				1111646C2B31D6A300F01C5E /* ViewModels */,
			);
			path = CreateResultQRCode;
			sourceTree = "<group>";
		};
		1111646C2B31D6A300F01C5E /* ViewModels */ = {
			isa = PBXGroup;
			children = (
				111164862B31DC4300F01C5E /* CreateResultQRCodeViewModel.swift */,
				115562792B35BBCF0055C0EC /* CreateResultQRCodeCoordinatorViewModel.swift */,
				115562852B35C2620055C0EC /* EditQRCodeContentViewModel.swift */,
			);
			path = ViewModels;
			sourceTree = "<group>";
		};
		1111646D2B31D6AD00F01C5E /* Views */ = {
			isa = PBXGroup;
			children = (
				1111646F2B31D6C300F01C5E /* CreateResultQRCodeView.swift */,
				115562802B35BC420055C0EC /* CreateResultQRCodeCoordinatorView.swift */,
				1155628B2B35C9590055C0EC /* EditQRCodeContentView.swift */,
			);
			path = Views;
			sourceTree = "<group>";
		};
		1111646E2B31D6B100F01C5E /* Views */ = {
			isa = PBXGroup;
			children = (
				1111645E2B31B2C800F01C5E /* CreateContentLinkQRCodeView.swift */,
			);
			path = Views;
			sourceTree = "<group>";
		};
		111164832B31DB9900F01C5E /* Extensions */ = {
			isa = PBXGroup;
			children = (
				111164842B31DBAA00F01C5E /* QRCode.Design+designs.swift */,
			);
			path = Extensions;
			sourceTree = "<group>";
		};
		1155626B2B348D030055C0EC /* Utils */ = {
			isa = PBXGroup;
			children = (
				1155626C2B348D190055C0EC /* FormatMatcher.swift */,
				115562F02B38A3550055C0EC /* UserDefaultsService.swift */,
			);
			path = Utils;
			sourceTree = "<group>";
		};
		1155626E2B3490F60055C0EC /* Extensions */ = {
			isa = PBXGroup;
			children = (
				1155626F2B3491050055C0EC /* String+regex.swift */,
				115562F22B38AA850055C0EC /* String+localized.swift */,
			);
			path = Extensions;
			sourceTree = "<group>";
		};
		1155627B2B35BBE80055C0EC /* Models */ = {
			isa = PBXGroup;
			children = (
				1155627C2B35BBEC0055C0EC /* ResultFlow.swift */,
				1155627E2B35BBF70055C0EC /* ResultEventFlow.swift */,
				115562872B35C2FB0055C0EC /* ResultEventBus.swift */,
			);
			path = Models;
			sourceTree = "<group>";
		};
		1155628D2B35DB5C0055C0EC /* ChangeDesign */ = {
			isa = PBXGroup;
			children = (
				1155629E2B35FC760055C0EC /* ViewModels */,
				115562972B35F6630055C0EC /* Views */,
				115562942B35F5A40055C0EC /* Models */,
				115562902B35DBBA0055C0EC /* Extensions */,
			);
			path = ChangeDesign;
			sourceTree = "<group>";
		};
		115562902B35DBBA0055C0EC /* Extensions */ = {
			isa = PBXGroup;
			children = (
				115562912B35DBC80055C0EC /* QRCodeDesign.swift */,
				1155629C2B35FB5D0055C0EC /* ChangeDesignCustomLayout.swift */,
			);
			path = Extensions;
			sourceTree = "<group>";
		};
		115562942B35F5A40055C0EC /* Models */ = {
			isa = PBXGroup;
			children = (
				115562952B35F5A70055C0EC /* QRCodeDesignModel.swift */,
				115562A12B35FC920055C0EC /* ChangeDesignSectionModel.swift */,
				115562A32B36092A0055C0EC /* SelectableQRCodeDesign.swift */,
			);
			path = Models;
			sourceTree = "<group>";
		};
		115562972B35F6630055C0EC /* Views */ = {
			isa = PBXGroup;
			children = (
				115562982B35F6720055C0EC /* DesignCellView.swift */,
				1155629A2B35F7290055C0EC /* ChangeDesignView.swift */,
			);
			path = Views;
			sourceTree = "<group>";
		};
		1155629E2B35FC760055C0EC /* ViewModels */ = {
			isa = PBXGroup;
			children = (
				1155629F2B35FC7C0055C0EC /* ChangeDesignViewModel.swift */,
			);
			path = ViewModels;
			sourceTree = "<group>";
		};
		115562A52B374C470055C0EC /* DetailedChangeDesign */ = {
			isa = PBXGroup;
			children = (
				115562A62B374C5D0055C0EC /* Models */,
			);
			path = DetailedChangeDesign;
			sourceTree = "<group>";
		};
		115562A62B374C5D0055C0EC /* Models */ = {
			isa = PBXGroup;
			children = (
				115562A72B374C680055C0EC /* DetailedChangeDesignSectionModel.swift */,
				115562A92B3755190055C0EC /* DetailedChangDesignSectionType.swift */,
				115562AB2B3755300055C0EC /* DesignElements.swift */,
			);
			path = Models;
			sourceTree = "<group>";
		};
		115562AE2B379BAC0055C0EC /* Models */ = {
			isa = PBXGroup;
			children = (
				115562E32B389D7D0055C0EC /* LanguageModel.swift */,
				115562E52B389D890055C0EC /* SettingsEventBus.swift */,
				115562CF2B3853FF0055C0EC /* SettingsEventFlow.swift */,
				115562D12B3854020055C0EC /* CellModels */,
				115562B52B379BD70055C0EC /* Protocols */,
				115562EC2B389F6A0055C0EC /* SettingFlow.swift */,
				115562EE2B389F7C0055C0EC /* SettingsItemType.swift */,
			);
			path = Models;
			sourceTree = "<group>";
		};
		115562B52B379BD70055C0EC /* Protocols */ = {
			isa = PBXGroup;
			children = (
				115562B32B379BCC0055C0EC /* SettingsItemProtocol.swift */,
				115562B62B379BDD0055C0EC /* SettingsItemSubtitleProtocol.swift */,
				115562B82B379BED0055C0EC /* SettingsItemValueProtocol.swift */,
				115562BA2B379BF80055C0EC /* SettingsItemValueSubtitleProtocol.swift */,
			);
			path = Protocols;
			sourceTree = "<group>";
		};
		115562C62B37A2630055C0EC /* Cells */ = {
			isa = PBXGroup;
			children = (
				115562C72B37A26E0055C0EC /* InAppCellView.swift */,
				115562C92B3848340055C0EC /* SettingsValueStringCellView.swift */,
				115562CB2B3849FF0055C0EC /* SettingsValueBoolCellView.swift */,
				115562CD2B384E690055C0EC /* SettingsCellView.swift */,
			);
			path = Cells;
			sourceTree = "<group>";
		};
		115562D12B3854020055C0EC /* CellModels */ = {
			isa = PBXGroup;
			children = (
				115562AF2B379BB30055C0EC /* SettingsSectionType.swift */,
				115562B12B379BC10055C0EC /* SettingsSectionModel.swift */,
				115562BC2B379C0A0055C0EC /* SettingsItemModel.swift */,
				115562BE2B379C160055C0EC /* SettingsItemSubtitleModel.swift */,
				115562C02B379C200055C0EC /* SettingsItemValueModel.swift */,
				115562C22B379C2B0055C0EC /* SettingsItemValueSubtitleModel.swift */,
				115562C42B379C360055C0EC /* SettingsItemProtocolEraser.swift */,
			);
			path = CellModels;
			sourceTree = "<group>";
		};
		115562D82B3855310055C0EC /* SelectLanguage */ = {
			isa = PBXGroup;
			children = (
				115562DB2B38554B0055C0EC /* ViewModels */,
				115562DA2B3855430055C0EC /* Models */,
				115562D92B38553F0055C0EC /* Views */,
			);
			path = SelectLanguage;
			sourceTree = "<group>";
		};
		115562D92B38553F0055C0EC /* Views */ = {
			isa = PBXGroup;
			children = (
				115562E92B389F160055C0EC /* Cells */,
				115562E72B389DDE0055C0EC /* SelectLanguageView.swift */,
			);
			path = Views;
			sourceTree = "<group>";
		};
		115562DA2B3855430055C0EC /* Models */ = {
			isa = PBXGroup;
			children = (
			);
			path = Models;
			sourceTree = "<group>";
		};
		115562DB2B38554B0055C0EC /* ViewModels */ = {
			isa = PBXGroup;
			children = (
				115562DD2B3855B70055C0EC /* SelectLanguageViewModel.swift */,
			);
			path = ViewModels;
			sourceTree = "<group>";
		};
		115562E92B389F160055C0EC /* Cells */ = {
			isa = PBXGroup;
			children = (
				115562EA2B389F1C0055C0EC /* LanguageCellView.swift */,
			);
			path = Cells;
			sourceTree = "<group>";
		};
/* End PBXGroup section */

/* Begin PBXNativeTarget section */
		111164032B30518200F01C5E /* QRCodeApp */ = {
			isa = PBXNativeTarget;
			buildConfigurationList = 111164142B30518300F01C5E /* Build configuration list for PBXNativeTarget "QRCodeApp" */;
			buildPhases = (
				111164002B30518200F01C5E /* Sources */,
				111164012B30518200F01C5E /* Frameworks */,
				111164022B30518200F01C5E /* Resources */,
			);
			buildRules = (
			);
			dependencies = (
			);
			name = QRCodeApp;
			packageProductDependencies = (
				111164482B30678700F01C5E /* CompositionalList */,
				1111647B2B31D8D000F01C5E /* QRCode */,
				1111647D2B31D8D000F01C5E /* QRCodeDetector */,
				1111647F2B31D8D000F01C5E /* QRCodeDynamic */,
				111164812B31D8D000F01C5E /* QRCodeStatic */,
				115562752B35AE740055C0EC /* SimpleToast */,
			);
			productName = QRCode;
			productReference = 111164042B30518200F01C5E /* QRCodeApp.app */;
			productType = "com.apple.product-type.application";
		};
/* End PBXNativeTarget section */

/* Begin PBXProject section */
		111163FC2B30518200F01C5E /* Project object */ = {
			isa = PBXProject;
			attributes = {
				BuildIndependentTargetsInParallel = 1;
				LastSwiftUpdateCheck = 1500;
				LastUpgradeCheck = 1500;
				TargetAttributes = {
					111164032B30518200F01C5E = {
						CreatedOnToolsVersion = 15.0;
					};
				};
			};
			buildConfigurationList = 111163FF2B30518200F01C5E /* Build configuration list for PBXProject "QRCodeApp" */;
			compatibilityVersion = "Xcode 14.0";
			developmentRegion = en;
			hasScannedForEncodings = 0;
			knownRegions = (
				en,
				Base,
			);
			mainGroup = 111163FB2B30518200F01C5E;
			packageReferences = (
				111164472B30678700F01C5E /* XCRemoteSwiftPackageReference "CompositionalList" */,
				1111647A2B31D8D000F01C5E /* XCRemoteSwiftPackageReference "QRCode" */,
				115562742B35AE740055C0EC /* XCRemoteSwiftPackageReference "SimpleToast" */,
			);
			productRefGroup = 111164052B30518200F01C5E /* Products */;
			projectDirPath = "";
			projectRoot = "";
			targets = (
				111164032B30518200F01C5E /* QRCodeApp */,
			);
		};
/* End PBXProject section */

/* Begin PBXResourcesBuildPhase section */
		111164022B30518200F01C5E /* Resources */ = {
			isa = PBXResourcesBuildPhase;
			buildActionMask = 2147483647;
			files = (
				111164112B30518300F01C5E /* Preview Assets.xcassets in Resources */,
				1111640E2B30518300F01C5E /* Assets.xcassets in Resources */,
				115562F52B38AB6F0055C0EC /* Localizable.xcstrings in Resources */,
			);
			runOnlyForDeploymentPostprocessing = 0;
		};
/* End PBXResourcesBuildPhase section */

/* Begin PBXSourcesBuildPhase section */
		111164002B30518200F01C5E /* Sources */ = {
			isa = PBXSourcesBuildPhase;
			buildActionMask = 2147483647;
			files = (
				1111640A2B30518200F01C5E /* ContentView.swift in Sources */,
				115562E82B389DDE0055C0EC /* SelectLanguageView.swift in Sources */,
				115562AA2B3755190055C0EC /* DetailedChangDesignSectionType.swift in Sources */,
				115562672B344E530055C0EC /* TitledCopyContainerViewModel.swift in Sources */,
				1155627F2B35BBF70055C0EC /* ResultEventFlow.swift in Sources */,
				115562E42B389D7D0055C0EC /* LanguageModel.swift in Sources */,
				1111645F2B31B2C800F01C5E /* CreateContentLinkQRCodeView.swift in Sources */,
				111164622B31B3C800F01C5E /* TitledTextField.swift in Sources */,
				111164432B305D3900F01C5E /* CreateQRCodeSectionModel.swift in Sources */,
				1155629B2B35F7290055C0EC /* ChangeDesignView.swift in Sources */,
				1111642B2B30522D00F01C5E /* HistoryView.swift in Sources */,
				111164572B31AE4900F01C5E /* CreateCoordinatorView.swift in Sources */,
				1111642F2B30523D00F01C5E /* CreateView.swift in Sources */,
				111164872B31DC4300F01C5E /* CreateResultQRCodeViewModel.swift in Sources */,
				115562A22B35FC920055C0EC /* ChangeDesignSectionModel.swift in Sources */,
				115562E22B389D700055C0EC /* LanguageType.swift in Sources */,
				115562D02B3853FF0055C0EC /* SettingsEventFlow.swift in Sources */,
				115562A02B35FC7C0055C0EC /* ChangeDesignViewModel.swift in Sources */,
				111164672B31C5E600F01C5E /* TextViewModel.swift in Sources */,
				115562B72B379BDD0055C0EC /* SettingsItemSubtitleProtocol.swift in Sources */,
				115562BD2B379C0A0055C0EC /* SettingsItemModel.swift in Sources */,
				115562E02B3855FF0055C0EC /* SelectableItemViewModel.swift in Sources */,
				1111646A2B31C60400F01C5E /* CreateContentLinkViewModel.swift in Sources */,
				111164592B31B1F800F01C5E /* CreateFlow.swift in Sources */,
				111164852B31DBAA00F01C5E /* QRCode.Design+designs.swift in Sources */,
				115562C52B379C360055C0EC /* SettingsItemProtocolEraser.swift in Sources */,
				115562BB2B379BF80055C0EC /* SettingsItemValueSubtitleProtocol.swift in Sources */,
				115562F12B38A3550055C0EC /* UserDefaultsService.swift in Sources */,
				115562652B344E450055C0EC /* TitledContainerViewModel.swift in Sources */,
				111164272B30521800F01C5E /* ScanView.swift in Sources */,
				115562BF2B379C160055C0EC /* SettingsItemSubtitleModel.swift in Sources */,
				111164412B305D2F00F01C5E /* CreateQRCodeTemplateModel.swift in Sources */,
				115562A42B36092A0055C0EC /* SelectableQRCodeDesign.swift in Sources */,
				115562AC2B3755300055C0EC /* DesignElements.swift in Sources */,
				115562B92B379BED0055C0EC /* SettingsItemValueProtocol.swift in Sources */,
				115562F72B38B6EB0055C0EC /* NavigationBarModifier.swift in Sources */,
				115562EB2B389F1C0055C0EC /* LanguageCellView.swift in Sources */,
				115562EF2B389F7C0055C0EC /* SettingsItemType.swift in Sources */,
				111164512B30760800F01C5E /* SocialCell.swift in Sources */,
				115562B42B379BCC0055C0EC /* SettingsItemProtocol.swift in Sources */,
				115562CE2B384E690055C0EC /* SettingsCellView.swift in Sources */,
				1111644D2B30684300F01C5E /* CustomLayout.swift in Sources */,
				111164342B30525000F01C5E /* SettingsView.swift in Sources */,
				111164392B30526900F01C5E /* MainTapBar.swift in Sources */,
				111164552B31AE3800F01C5E /* CreateCoordinatorViewModel.swift in Sources */,
				111164292B30522100F01C5E /* ScanViewModel.swift in Sources */,
				1155628C2B35C9590055C0EC /* EditQRCodeContentView.swift in Sources */,
				115562B22B379BC10055C0EC /* SettingsSectionModel.swift in Sources */,
				1155626D2B348D190055C0EC /* FormatMatcher.swift in Sources */,
				115562D32B3854260055C0EC /* MainSettingsNavigationView.swift in Sources */,
				1111645C2B31B24900F01C5E /* BaseViewModel.swift in Sources */,
				111164322B30524900F01C5E /* CreateViewModel.swift in Sources */,
				115562812B35BC420055C0EC /* CreateResultQRCodeCoordinatorView.swift in Sources */,
				115562C32B379C2B0055C0EC /* SettingsItemValueSubtitleModel.swift in Sources */,
				1111643E2B30570500F01C5E /* QRCodeFormat.swift in Sources */,
				1155627D2B35BBEC0055C0EC /* ResultFlow.swift in Sources */,
				115562C82B37A26E0055C0EC /* InAppCellView.swift in Sources */,
				115562732B35AC530055C0EC /* TitledContainerView.swift in Sources */,
				115562A82B374C680055C0EC /* DetailedChangeDesignSectionModel.swift in Sources */,
				115562832B35C18D0055C0EC /* MainCreateNavigationView.swift in Sources */,
				115562D52B3854370055C0EC /* SettingsCoordinatorViewModel.swift in Sources */,
				111164532B31AE2D00F01C5E /* CreateEventFlow.swift in Sources */,
				115562C12B379C200055C0EC /* SettingsItemValueModel.swift in Sources */,
				115562CC2B3849FF0055C0EC /* SettingsValueBoolCellView.swift in Sources */,
				115562B02B379BB30055C0EC /* SettingsSectionType.swift in Sources */,
				115562CA2B3848340055C0EC /* SettingsValueStringCellView.swift in Sources */,
				111164462B30624E00F01C5E /* PersonalCell.swift in Sources */,
				111164362B30525800F01C5E /* SettingsViewModel.swift in Sources */,
				115562862B35C2620055C0EC /* EditQRCodeContentViewModel.swift in Sources */,
				115562922B35DBC80055C0EC /* QRCodeDesign.swift in Sources */,
				1155628A2B35C3EC0055C0EC /* TextFieldForm.swift in Sources */,
				111164082B30518200F01C5E /* QRCodeApp.swift in Sources */,
				1155629D2B35FB5D0055C0EC /* ChangeDesignCustomLayout.swift in Sources */,
				115562702B3491050055C0EC /* String+regex.swift in Sources */,
				115562882B35C2FB0055C0EC /* ResultEventBus.swift in Sources */,
				115562782B35BBB00055C0EC /* PathState.swift in Sources */,
				115562DE2B3855B70055C0EC /* SelectLanguageViewModel.swift in Sources */,
				115562962B35F5A70055C0EC /* QRCodeDesignModel.swift in Sources */,
				115562992B35F6720055C0EC /* DesignCellView.swift in Sources */,
				1111644F2B3074B200F01C5E /* CreateQRSectionType.swift in Sources */,
				1111642D2B30523500F01C5E /* HistoryViewModel.swift in Sources */,
				1155627A2B35BBCF0055C0EC /* CreateResultQRCodeCoordinatorViewModel.swift in Sources */,
				115562D72B38547F0055C0EC /* SettingsCoordinatorView.swift in Sources */,
				115562F32B38AA850055C0EC /* String+localized.swift in Sources */,
				115562ED2B389F6A0055C0EC /* SettingFlow.swift in Sources */,
				115562E62B389D890055C0EC /* SettingsEventBus.swift in Sources */,
				111164702B31D6C300F01C5E /* CreateResultQRCodeView.swift in Sources */,
			);
			runOnlyForDeploymentPostprocessing = 0;
		};
/* End PBXSourcesBuildPhase section */

/* Begin XCBuildConfiguration section */
		111164122B30518300F01C5E /* Debug */ = {
			isa = XCBuildConfiguration;
			buildSettings = {
				ALWAYS_SEARCH_USER_PATHS = NO;
				ASSETCATALOG_COMPILER_GENERATE_SWIFT_ASSET_SYMBOL_EXTENSIONS = YES;
				CLANG_ANALYZER_NONNULL = YES;
				CLANG_ANALYZER_NUMBER_OBJECT_CONVERSION = YES_AGGRESSIVE;
				CLANG_CXX_LANGUAGE_STANDARD = "gnu++20";
				CLANG_ENABLE_MODULES = YES;
				CLANG_ENABLE_OBJC_ARC = YES;
				CLANG_ENABLE_OBJC_WEAK = YES;
				CLANG_WARN_BLOCK_CAPTURE_AUTORELEASING = YES;
				CLANG_WARN_BOOL_CONVERSION = YES;
				CLANG_WARN_COMMA = YES;
				CLANG_WARN_CONSTANT_CONVERSION = YES;
				CLANG_WARN_DEPRECATED_OBJC_IMPLEMENTATIONS = YES;
				CLANG_WARN_DIRECT_OBJC_ISA_USAGE = YES_ERROR;
				CLANG_WARN_DOCUMENTATION_COMMENTS = YES;
				CLANG_WARN_EMPTY_BODY = YES;
				CLANG_WARN_ENUM_CONVERSION = YES;
				CLANG_WARN_INFINITE_RECURSION = YES;
				CLANG_WARN_INT_CONVERSION = YES;
				CLANG_WARN_NON_LITERAL_NULL_CONVERSION = YES;
				CLANG_WARN_OBJC_IMPLICIT_RETAIN_SELF = YES;
				CLANG_WARN_OBJC_LITERAL_CONVERSION = YES;
				CLANG_WARN_OBJC_ROOT_CLASS = YES_ERROR;
				CLANG_WARN_QUOTED_INCLUDE_IN_FRAMEWORK_HEADER = YES;
				CLANG_WARN_RANGE_LOOP_ANALYSIS = YES;
				CLANG_WARN_STRICT_PROTOTYPES = YES;
				CLANG_WARN_SUSPICIOUS_MOVE = YES;
				CLANG_WARN_UNGUARDED_AVAILABILITY = YES_AGGRESSIVE;
				CLANG_WARN_UNREACHABLE_CODE = YES;
				CLANG_WARN__DUPLICATE_METHOD_MATCH = YES;
				COPY_PHASE_STRIP = NO;
				DEBUG_INFORMATION_FORMAT = dwarf;
				ENABLE_STRICT_OBJC_MSGSEND = YES;
				ENABLE_TESTABILITY = YES;
				ENABLE_USER_SCRIPT_SANDBOXING = YES;
				GCC_C_LANGUAGE_STANDARD = gnu17;
				GCC_DYNAMIC_NO_PIC = NO;
				GCC_NO_COMMON_BLOCKS = YES;
				GCC_OPTIMIZATION_LEVEL = 0;
				GCC_PREPROCESSOR_DEFINITIONS = (
					"DEBUG=1",
					"$(inherited)",
				);
				GCC_WARN_64_TO_32_BIT_CONVERSION = YES;
				GCC_WARN_ABOUT_RETURN_TYPE = YES_ERROR;
				GCC_WARN_UNDECLARED_SELECTOR = YES;
				GCC_WARN_UNINITIALIZED_AUTOS = YES_AGGRESSIVE;
				GCC_WARN_UNUSED_FUNCTION = YES;
				GCC_WARN_UNUSED_VARIABLE = YES;
				IPHONEOS_DEPLOYMENT_TARGET = 17.0;
				LOCALIZATION_PREFERS_STRING_CATALOGS = YES;
				MTL_ENABLE_DEBUG_INFO = INCLUDE_SOURCE;
				MTL_FAST_MATH = YES;
				ONLY_ACTIVE_ARCH = YES;
				SDKROOT = iphoneos;
				SWIFT_ACTIVE_COMPILATION_CONDITIONS = "DEBUG $(inherited)";
				SWIFT_OPTIMIZATION_LEVEL = "-Onone";
			};
			name = Debug;
		};
		111164132B30518300F01C5E /* Release */ = {
			isa = XCBuildConfiguration;
			buildSettings = {
				ALWAYS_SEARCH_USER_PATHS = NO;
				ASSETCATALOG_COMPILER_GENERATE_SWIFT_ASSET_SYMBOL_EXTENSIONS = YES;
				CLANG_ANALYZER_NONNULL = YES;
				CLANG_ANALYZER_NUMBER_OBJECT_CONVERSION = YES_AGGRESSIVE;
				CLANG_CXX_LANGUAGE_STANDARD = "gnu++20";
				CLANG_ENABLE_MODULES = YES;
				CLANG_ENABLE_OBJC_ARC = YES;
				CLANG_ENABLE_OBJC_WEAK = YES;
				CLANG_WARN_BLOCK_CAPTURE_AUTORELEASING = YES;
				CLANG_WARN_BOOL_CONVERSION = YES;
				CLANG_WARN_COMMA = YES;
				CLANG_WARN_CONSTANT_CONVERSION = YES;
				CLANG_WARN_DEPRECATED_OBJC_IMPLEMENTATIONS = YES;
				CLANG_WARN_DIRECT_OBJC_ISA_USAGE = YES_ERROR;
				CLANG_WARN_DOCUMENTATION_COMMENTS = YES;
				CLANG_WARN_EMPTY_BODY = YES;
				CLANG_WARN_ENUM_CONVERSION = YES;
				CLANG_WARN_INFINITE_RECURSION = YES;
				CLANG_WARN_INT_CONVERSION = YES;
				CLANG_WARN_NON_LITERAL_NULL_CONVERSION = YES;
				CLANG_WARN_OBJC_IMPLICIT_RETAIN_SELF = YES;
				CLANG_WARN_OBJC_LITERAL_CONVERSION = YES;
				CLANG_WARN_OBJC_ROOT_CLASS = YES_ERROR;
				CLANG_WARN_QUOTED_INCLUDE_IN_FRAMEWORK_HEADER = YES;
				CLANG_WARN_RANGE_LOOP_ANALYSIS = YES;
				CLANG_WARN_STRICT_PROTOTYPES = YES;
				CLANG_WARN_SUSPICIOUS_MOVE = YES;
				CLANG_WARN_UNGUARDED_AVAILABILITY = YES_AGGRESSIVE;
				CLANG_WARN_UNREACHABLE_CODE = YES;
				CLANG_WARN__DUPLICATE_METHOD_MATCH = YES;
				COPY_PHASE_STRIP = NO;
				DEBUG_INFORMATION_FORMAT = "dwarf-with-dsym";
				ENABLE_NS_ASSERTIONS = NO;
				ENABLE_STRICT_OBJC_MSGSEND = YES;
				ENABLE_USER_SCRIPT_SANDBOXING = YES;
				GCC_C_LANGUAGE_STANDARD = gnu17;
				GCC_NO_COMMON_BLOCKS = YES;
				GCC_WARN_64_TO_32_BIT_CONVERSION = YES;
				GCC_WARN_ABOUT_RETURN_TYPE = YES_ERROR;
				GCC_WARN_UNDECLARED_SELECTOR = YES;
				GCC_WARN_UNINITIALIZED_AUTOS = YES_AGGRESSIVE;
				GCC_WARN_UNUSED_FUNCTION = YES;
				GCC_WARN_UNUSED_VARIABLE = YES;
				IPHONEOS_DEPLOYMENT_TARGET = 17.0;
				LOCALIZATION_PREFERS_STRING_CATALOGS = YES;
				MTL_ENABLE_DEBUG_INFO = NO;
				MTL_FAST_MATH = YES;
				SDKROOT = iphoneos;
				SWIFT_COMPILATION_MODE = wholemodule;
				VALIDATE_PRODUCT = YES;
			};
			name = Release;
		};
		111164152B30518300F01C5E /* Debug */ = {
			isa = XCBuildConfiguration;
			buildSettings = {
				ASSETCATALOG_COMPILER_APPICON_NAME = AppIcon;
				ASSETCATALOG_COMPILER_GLOBAL_ACCENT_COLOR_NAME = AccentColor;
				CODE_SIGN_STYLE = Automatic;
				CURRENT_PROJECT_VERSION = 1;
				DEVELOPMENT_ASSET_PATHS = "\"QRCode/Preview Content\"";
				DEVELOPMENT_TEAM = 6NNWR2JHQ8;
				ENABLE_PREVIEWS = YES;
				GENERATE_INFOPLIST_FILE = YES;
				INFOPLIST_KEY_UIApplicationSceneManifest_Generation = YES;
				INFOPLIST_KEY_UIApplicationSupportsIndirectInputEvents = YES;
				INFOPLIST_KEY_UILaunchScreen_Generation = YES;
				INFOPLIST_KEY_UISupportedInterfaceOrientations_iPad = "UIInterfaceOrientationPortrait UIInterfaceOrientationPortraitUpsideDown UIInterfaceOrientationLandscapeLeft UIInterfaceOrientationLandscapeRight";
				INFOPLIST_KEY_UISupportedInterfaceOrientations_iPhone = "UIInterfaceOrientationPortrait UIInterfaceOrientationLandscapeLeft UIInterfaceOrientationLandscapeRight";
				IPHONEOS_DEPLOYMENT_TARGET = 17.0;
				LD_RUNPATH_SEARCH_PATHS = (
					"$(inherited)",
					"@executable_path/Frameworks",
				);
				MARKETING_VERSION = 1.0;
				PRODUCT_BUNDLE_IDENTIFIER = com.applage.ios.qrcode.QRCode;
				PRODUCT_NAME = "$(TARGET_NAME)";
				SWIFT_EMIT_LOC_STRINGS = YES;
				SWIFT_VERSION = 5.0;
				TARGETED_DEVICE_FAMILY = "1,2";
			};
			name = Debug;
		};
		111164162B30518300F01C5E /* Release */ = {
			isa = XCBuildConfiguration;
			buildSettings = {
				ASSETCATALOG_COMPILER_APPICON_NAME = AppIcon;
				ASSETCATALOG_COMPILER_GLOBAL_ACCENT_COLOR_NAME = AccentColor;
				CODE_SIGN_STYLE = Automatic;
				CURRENT_PROJECT_VERSION = 1;
				DEVELOPMENT_ASSET_PATHS = "\"QRCode/Preview Content\"";
				DEVELOPMENT_TEAM = 6NNWR2JHQ8;
				ENABLE_PREVIEWS = YES;
				GENERATE_INFOPLIST_FILE = YES;
				INFOPLIST_KEY_UIApplicationSceneManifest_Generation = YES;
				INFOPLIST_KEY_UIApplicationSupportsIndirectInputEvents = YES;
				INFOPLIST_KEY_UILaunchScreen_Generation = YES;
				INFOPLIST_KEY_UISupportedInterfaceOrientations_iPad = "UIInterfaceOrientationPortrait UIInterfaceOrientationPortraitUpsideDown UIInterfaceOrientationLandscapeLeft UIInterfaceOrientationLandscapeRight";
				INFOPLIST_KEY_UISupportedInterfaceOrientations_iPhone = "UIInterfaceOrientationPortrait UIInterfaceOrientationLandscapeLeft UIInterfaceOrientationLandscapeRight";
				IPHONEOS_DEPLOYMENT_TARGET = 17.0;
				LD_RUNPATH_SEARCH_PATHS = (
					"$(inherited)",
					"@executable_path/Frameworks",
				);
				MARKETING_VERSION = 1.0;
				PRODUCT_BUNDLE_IDENTIFIER = com.applage.ios.qrcode.QRCode;
				PRODUCT_NAME = "$(TARGET_NAME)";
				SWIFT_EMIT_LOC_STRINGS = YES;
				SWIFT_VERSION = 5.0;
				TARGETED_DEVICE_FAMILY = "1,2";
			};
			name = Release;
		};
/* End XCBuildConfiguration section */

/* Begin XCConfigurationList section */
		111163FF2B30518200F01C5E /* Build configuration list for PBXProject "QRCodeApp" */ = {
			isa = XCConfigurationList;
			buildConfigurations = (
				111164122B30518300F01C5E /* Debug */,
				111164132B30518300F01C5E /* Release */,
			);
			defaultConfigurationIsVisible = 0;
			defaultConfigurationName = Release;
		};
		111164142B30518300F01C5E /* Build configuration list for PBXNativeTarget "QRCodeApp" */ = {
			isa = XCConfigurationList;
			buildConfigurations = (
				111164152B30518300F01C5E /* Debug */,
				111164162B30518300F01C5E /* Release */,
			);
			defaultConfigurationIsVisible = 0;
			defaultConfigurationName = Release;
		};
/* End XCConfigurationList section */

/* Begin XCRemoteSwiftPackageReference section */
		111164472B30678700F01C5E /* XCRemoteSwiftPackageReference "CompositionalList" */ = {
			isa = XCRemoteSwiftPackageReference;
			repositoryURL = "https://github.com/jarakys/CompositionalList.git";
			requirement = {
				branch = main;
				kind = branch;
			};
		};
		1111647A2B31D8D000F01C5E /* XCRemoteSwiftPackageReference "QRCode" */ = {
			isa = XCRemoteSwiftPackageReference;
			repositoryURL = "https://github.com/dagronf/QRCode";
			requirement = {
				kind = upToNextMajorVersion;
				minimumVersion = 17.0.0;
			};
		};
		115562742B35AE740055C0EC /* XCRemoteSwiftPackageReference "SimpleToast" */ = {
			isa = XCRemoteSwiftPackageReference;
			repositoryURL = "https://github.com/sanzaru/SimpleToast.git";
			requirement = {
				kind = upToNextMajorVersion;
				minimumVersion = 0.8.1;
			};
		};
/* End XCRemoteSwiftPackageReference section */

/* Begin XCSwiftPackageProductDependency section */
		111164482B30678700F01C5E /* CompositionalList */ = {
			isa = XCSwiftPackageProductDependency;
			package = 111164472B30678700F01C5E /* XCRemoteSwiftPackageReference "CompositionalList" */;
			productName = CompositionalList;
		};
		1111647B2B31D8D000F01C5E /* QRCode */ = {
			isa = XCSwiftPackageProductDependency;
			package = 1111647A2B31D8D000F01C5E /* XCRemoteSwiftPackageReference "QRCode" */;
			productName = QRCode;
		};
		1111647D2B31D8D000F01C5E /* QRCodeDetector */ = {
			isa = XCSwiftPackageProductDependency;
			package = 1111647A2B31D8D000F01C5E /* XCRemoteSwiftPackageReference "QRCode" */;
			productName = QRCodeDetector;
		};
		1111647F2B31D8D000F01C5E /* QRCodeDynamic */ = {
			isa = XCSwiftPackageProductDependency;
			package = 1111647A2B31D8D000F01C5E /* XCRemoteSwiftPackageReference "QRCode" */;
			productName = QRCodeDynamic;
		};
		111164812B31D8D000F01C5E /* QRCodeStatic */ = {
			isa = XCSwiftPackageProductDependency;
			package = 1111647A2B31D8D000F01C5E /* XCRemoteSwiftPackageReference "QRCode" */;
			productName = QRCodeStatic;
		};
		115562752B35AE740055C0EC /* SimpleToast */ = {
			isa = XCSwiftPackageProductDependency;
			package = 115562742B35AE740055C0EC /* XCRemoteSwiftPackageReference "SimpleToast" */;
			productName = SimpleToast;
		};
/* End XCSwiftPackageProductDependency section */
	};
	rootObject = 111163FC2B30518200F01C5E /* Project object */;
}
